{
  "name": "lobyte-examples",
  "version": "0.0.1",
  "lockfileVersion": 1,
  "requires": true,
  "dependencies": {
    "lobyte": {
      "version": "0.0.2",
      "resolved": "https://registry.npmjs.org/lobyte/-/lobyte-0.0.2.tgz",
      "integrity": "sha512-ERyOMQdSekPFdJ088p1OlBVVb8NH12ISiREcJQF/BM0Vk4RMxPeqS7m4xNnPab8Reg8bFYfniFNbxM/n1xZXdQ=="
    }
  }
}
